// !$*UTF8*$!
{
	archiveVersion = 1;
	classes = {
	};
	objectVersion = 46;
	objects = {

/* Begin PBXBuildFile section */
		C44223751C6521C000E9E370 /* AppDelegate.swift in Sources */ = {isa = PBXBuildFile; fileRef = C44223741C6521C000E9E370 /* AppDelegate.swift */; };
		C44223771C6521C000E9E370 /* ViewController.swift in Sources */ = {isa = PBXBuildFile; fileRef = C44223761C6521C000E9E370 /* ViewController.swift */; };
		C442237A1C6521C000E9E370 /* Main.storyboard in Resources */ = {isa = PBXBuildFile; fileRef = C44223781C6521C000E9E370 /* Main.storyboard */; };
		C442237C1C6521C000E9E370 /* Assets.xcassets in Resources */ = {isa = PBXBuildFile; fileRef = C442237B1C6521C000E9E370 /* Assets.xcassets */; };
		C442237F1C6521C000E9E370 /* LaunchScreen.storyboard in Resources */ = {isa = PBXBuildFile; fileRef = C442237D1C6521C000E9E370 /* LaunchScreen.storyboard */; };
/* End PBXBuildFile section */

/* Begin PBXFileReference section */
		C44223711C6521C000E9E370 /* tapper-EX.app */ = {isa = PBXFileReference; explicitFileType = wrapper.application; includeInIndex = 0; path = "tapper-EX.app"; sourceTree = BUILT_PRODUCTS_DIR; };
		C44223741C6521C000E9E370 /* AppDelegate.swift */ = {isa = PBXFileReference; lastKnownFileType = sourcecode.swift; path = AppDelegate.swift; sourceTree = "<group>"; };
		C44223761C6521C000E9E370 /* ViewController.swift */ = {isa = PBXFileReference; lastKnownFileType = sourcecode.swift; path = ViewController.swift; sourceTree = "<group>"; };
		C44223791C6521C000E9E370 /* Base */ = {isa = PBXFileReference; lastKnownFileType = file.storyboard; name = Base; path = Base.lproj/Main.storyboard; sourceTree = "<group>"; };
		C442237B1C6521C000E9E370 /* Assets.xcassets */ = {isa = PBXFileReference; lastKnownFileType = folder.assetcatalog; path = Assets.xcassets; sourceTree = "<group>"; };
		C442237E1C6521C000E9E370 /* Base */ = {isa = PBXFileReference; lastKnownFileType = file.storyboard; name = Base; path = Base.lproj/LaunchScreen.storyboard; sourceTree = "<group>"; };
		C44223801C6521C000E9E370 /* Info.plist */ = {isa = PBXFileReference; lastKnownFileType = text.plist.xml; path = Info.plist; sourceTree = "<group>"; };
/* End PBXFileReference section */

/* Begin PBXFrameworksBuildPhase section */
		C442236E1C6521C000E9E370 /* Frameworks */ = {
			isa = PBXFrameworksBuildPhase;
			buildActionMask = 2147483647;
			files = (
			);
			runOnlyForDeploymentPostprocessing = 0;
		};
/* End PBXFrameworksBuildPhase section */

/* Begin PBXGroup section */
		C44223681C6521C000E9E370 = {
			isa = PBXGroup;
			children = (
				C44223731C6521C000E9E370 /* tapper-EX */,
				C44223721C6521C000E9E370 /* Products */,
			);
			sourceTree = "<group>";
		};
		C44223721C6521C000E9E370 /* Products */ = {
			isa = PBXGroup;
			children = (
				C44223711C6521C000E9E370 /* tapper-EX.app */,
			);
			name = Products;
			sourceTree = "<group>";
		};
		C44223731C6521C000E9E370 /* tapper-EX */ = {
			isa = PBXGroup;
			children = (
				C44223741C6521C000E9E370 /* AppDelegate.swift */,
				C44223761C6521C000E9E370 /* ViewController.swift */,
				C44223781C6521C000E9E370 /* Main.storyboard */,
				C442237B1C6521C000E9E370 /* Assets.xcassets */,
				C442237D1C6521C000E9E370 /* LaunchScreen.storyboard */,
				C44223801C6521C000E9E370 /* Info.plist */,
			);
			path = "tapper-EX";
			sourceTree = "<group>";
		};
/* End PBXGroup section */

/* Begin PBXNativeTarget section */
		C44223701C6521C000E9E370 /* tapper-EX */ = {
			isa = PBXNativeTarget;
			buildConfigurationList = C44223831C6521C000E9E370 /* Build configuration list for PBXNativeTarget "tapper-EX" */;
			buildPhases = (
				C442236D1C6521C000E9E370 /* Sources */,
				C442236E1C6521C000E9E370 /* Frameworks */,
				C442236F1C6521C000E9E370 /* Resources */,
			);
			buildRules = (
			);
			dependencies = (
			);
			name = "tapper-EX";
			productName = "tapper-EX";
			productReference = C44223711C6521C000E9E370 /* tapper-EX.app */;
			productType = "com.apple.product-type.application";
		};
/* End PBXNativeTarget section */

/* Begin PBXProject section */
		C44223691C6521C000E9E370 /* Project object */ = {
			isa = PBXProject;
			attributes = {
				LastSwiftUpdateCheck = 0720;
				LastUpgradeCheck = 0720;
				ORGANIZATIONNAME = "ronald hunter";
				TargetAttributes = {
					C44223701C6521C000E9E370 = {
						CreatedOnToolsVersion = 7.2;
					};
				};
			};
			buildConfigurationList = C442236C1C6521C000E9E370 /* Build configuration list for PBXProject "tapper-EX" */;
			compatibilityVersion = "Xcode 3.2";
			developmentRegion = English;
			hasScannedForEncodings = 0;
			knownRegions = (
				en,
				Base,
			);
			mainGroup = C44223681C6521C000E9E370;
			productRefGroup = C44223721C6521C000E9E370 /* Products */;
			projectDirPath = "";
			projectRoot = "";
			targets = (
				C44223701C6521C000E9E370 /* tapper-EX */,
			);
		};
/* End PBXProject section */

/* Begin PBXResourcesBuildPhase section */
		C442236F1C6521C000E9E370 /* Resources */ = {
			isa = PBXResourcesBuildPhase;
			buildActionMask = 2147483647;
			files = (
				C442237F1C6521C000E9E370 /* LaunchScreen.storyboard in Resources */,
				C442237C1C6521C000E9E370 /* Assets.xcassets in Resources */,
				C442237A1C6521C000E9E370 /* Main.storyboard in Resources */,
			);
			runOnlyForDeploymentPostprocessing = 0;
		};
/* End PBXResourcesBuildPhase section */

/* Begin PBXSourcesBuildPhase section */
		C442236D1C6521C000E9E370 /* Sources */ = {
			isa = PBXSourcesBuildPhase;
			buildActionMask = 2147483647;
			files = (
				C44223771C6521C000E9E370 /* ViewController.swift in Sources */,
				C44223751C6521C000E9E370 /* AppDelegate.swift in Sources */,
			);
			runOnlyForDeploymentPostprocessing = 0;
		};
/* End PBXSourcesBuildPhase section */

/* Begin PBXVariantGroup section */
		C44223781C6521C000E9E370 /* Main.storyboard */ = {
			isa = PBXVariantGroup;
			children = (
				C44223791C6521C000E9E370 /* Base */,
			);
			name = Main.storyboard;
			sourceTree = "<group>";
		};
		C442237D1C6521C000E9E370 /* LaunchScreen.storyboard */ = {
			isa = PBXVariantGroup;
			children = (
				C442237E1C6521C000E9E370 /* Base */,
			);
			name = LaunchScreen.storyboard;
			sourceTree = "<group>";
		};
/* End PBXVariantGroup section */

/* Begin XCBuildConfiguration section */
		C44223811C6521C000E9E370 /* Debug */ = {
			isa = XCBuildConfiguration;
			buildSettings = {
				ALWAYS_SEARCH_USER_PATHS = NO;
				CLANG_CXX_LANGUAGE_STANDARD = "gnu++0x";
				CLANG_CXX_LIBRARY = "libc++";
				CLANG_ENABLE_MODULES = YES;
				CLANG_ENABLE_OBJC_ARC = YES;
				CLANG_WARN_BOOL_CONVERSION = YES;
				CLANG_WARN_CONSTANT_CONVERSION = YES;
				CLANG_WARN_DIRECT_OBJC_ISA_USAGE = YES_ERROR;
				CLANG_WARN_EMPTY_BODY = YES;
				CLANG_WARN_ENUM_CONVERSION = YES;
				CLANG_WARN_INT_CONVERSION = YES;
				CLANG_WARN_OBJC_ROOT_CLASS = YES_ERROR;
				CLANG_WARN_UNREACHABLE_CODE = YES;
				CLANG_WARN__DUPLICATE_METHOD_MATCH = YES;
				"CODE_SIGN_IDENTITY[sdk=iphoneos*]" = "iPhone Developer";
				COPY_PHASE_STRIP = NO;
				DEBUG_INFORMATION_FORMAT = dwarf;
				ENABLE_STRICT_OBJC_MSGSEND = YES;
				ENABLE_TESTABILITY = YES;
				GCC_C_LANGUAGE_STANDARD = gnu99;
				GCC_DYNAMIC_NO_PIC = NO;
				GCC_NO_COMMON_BLOCKS = YES;
				GCC_OPTIMIZATION_LEVEL = 0;
				GCC_PREPROCESSOR_DEFINITIONS = (
					"DEBUG=1",
					"$(inherited)",
				);
				GCC_WARN_64_TO_32_BIT_CONVERSION = YES;
				GCC_WARN_ABOUT_RETURN_TYPE = YES_ERROR;
				GCC_WARN_UNDECLARED_SELECTOR = YES;
				GCC_WARN_UNINITIALIZED_AUTOS = YES_AGGRESSIVE;
				GCC_WARN_UNUSED_FUNCTION = YES;
				GCC_WARN_UNUSED_VARIABLE = YES;
				IPHONEOS_DEPLOYMENT_TARGET = 9.2;
				MTL_ENABLE_DEBUG_INFO = YES;
				ONLY_ACTIVE_ARCH = YES;
				SDKROOT = iphoneos;
				SWIFT_OPTIMIZATION_LEVEL = "-Onone";
			};
			name = Debug;
		};
		C44223821C6521C000E9E370 /* Release */ = {
			isa = XCBuildConfiguration;
			buildSettings = {
				ALWAYS_SEARCH_USER_PATHS = NO;
				CLANG_CXX_LANGUAGE_STANDARD = "gnu++0x";
				CLANG_CXX_LIBRARY = "libc++";
				CLANG_ENABLE_MODULES = YES;
				CLANG_ENABLE_OBJC_ARC = YES;
				CLANG_WARN_BOOL_CONVERSION = YES;
				CLANG_WARN_CONSTANT_CONVERSION = YES;
				CLANG_WARN_DIRECT_OBJC_ISA_USAGE = YES_ERROR;
				CLANG_WARN_EMPTY_BODY = YES;
				CLANG_WARN_ENUM_CONVERSION = YES;
				CLANG_WARN_INT_CONVERSION = YES;
				CLANG_WARN_OBJC_ROOT_CLASS = YES_ERROR;
				CLANG_WARN_UNREACHABLE_CODE = YES;
				CLANG_WARN__DUPLICATE_METHOD_MATCH = YES;
				"CODE_SIGN_IDENTITY[sdk=iphoneos*]" = "iPhone Developer";
				COPY_PHASE_STRIP = NO;
				DEBUG_INFORMATION_FORMAT = "dwarf-with-dsym";
				ENABLE_NS_ASSERTIONS = NO;
				ENABLE_STRICT_OBJC_MSGSEND = YES;
				GCC_C_LANGUAGE_STANDARD = gnu99;
				GCC_NO_COMMON_BLOCKS = YES;
				GCC_WARN_64_TO_32_BIT_CONVERSION = YES;
				GCC_WARN_ABOUT_RETURN_TYPE = YES_ERROR;
				GCC_WARN_UNDECLARED_SELECTOR = YES;
				GCC_WARN_UNINITIALIZED_AUTOS = YES_AGGRESSIVE;
				GCC_WARN_UNUSED_FUNCTION = YES;
				GCC_WARN_UNUSED_VARIABLE = YES;
				IPHONEOS_DEPLOYMENT_TARGET = 9.2;
				MTL_ENABLE_DEBUG_INFO = NO;
				SDKROOT = iphoneos;
				VALIDATE_PRODUCT = YES;
			};
			name = Release;
		};
		C44223841C6521C000E9E370 /* Debug */ = {
			isa = XCBuildConfiguration;
			buildSettings = {
				ASSETCATALOG_COMPILER_APPICON_NAME = AppIcon;
				INFOPLIST_FILE = "tapper-EX/Info.plist";
				LD_RUNPATH_SEARCH_PATHS = "$(inherited) @executable_path/Frameworks";
				PRODUCT_BUNDLE_IDENTIFIER = "co.ronaldhunter.tapper-EX";
				PRODUCT_NAME = "$(TARGET_NAME)";
			};
			name = Debug;
		};
		C44223851C6521C000E9E370 /* Release */ = {
			isa = XCBuildConfiguration;
			buildSettings = {
				ASSETCATALOG_COMPILER_APPICON_NAME = AppIcon;
				INFOPLIST_FILE = "tapper-EX/Info.plist";
				LD_RUNPATH_SEARCH_PATHS = "$(inherited) @executable_path/Frameworks";
				PRODUCT_BUNDLE_IDENTIFIER = "co.ronaldhunter.tapper-EX";
				PRODUCT_NAME = "$(TARGET_NAME)";
			};
			name = Release;
		};
/* End XCBuildConfiguration section */

/* Begin XCConfigurationList section */
		C442236C1C6521C000E9E370 /* Build configuration list for PBXProject "tapper-EX" */ = {
			isa = XCConfigurationList;
			buildConfigurations = (
				C44223811C6521C000E9E370 /* Debug */,
				C44223821C6521C000E9E370 /* Release */,
			);
			defaultConfigurationIsVisible = 0;
			defaultConfigurationName = Release;
		};
		C44223831C6521C000E9E370 /* Build configuration list for PBXNativeTarget "tapper-EX" */ = {
			isa = XCConfigurationList;
			buildConfigurations = (
				C44223841C6521C000E9E370 /* Debug */,
				C44223851C6521C000E9E370 /* Release */,
			);
			defaultConfigurationIsVisible = 0;
		};
/* End XCConfigurationList section */
	};
	rootObject = C44223691C6521C000E9E370 /* Project object */;
}
